
Microsoft Visual Studio Solution File, Format Version 12.00
# Visual Studio Version 16
VisualStudioVersion = 16.0.30114.105
MinimumVisualStudioVersion = 10.0.40219.1
Project("{FAE04EC0-301F-11D3-BF4B-00C04F79EFBC}") = "EdwinCS", "EdwinCS\EdwinCS.csproj", "{A61E795A-87BB-4FB2-8D8F-D4B411A737E4}"
EndProject
Global
	GlobalSection(SolutionConfigurationPlatforms) = preSolution
		Debug|Any CPU = Debug|Any CPU
		Debug|x64 = Debug|x64
		Debug|x86 = Debug|x86
		Release|Any CPU = Release|Any CPU
		Release|x64 = Release|x64
		Release|x86 = Release|x86
	EndGlobalSection
	GlobalSection(ProjectConfigurationPlatforms) = postSolution
		{A61E795A-87BB-4FB2-8D8F-D4B411A737E4}.Debug|Any CPU.ActiveCfg = Debug|Any CPU
		{A61E795A-87BB-4FB2-8D8F-D4B411A737E4}.Debug|Any CPU.Build.0 = Debug|Any CPU
		{A61E795A-87BB-4FB2-8D8F-D4B411A737E4}.Debug|x64.ActiveCfg = Debug|Any CPU
		{A61E795A-87BB-4FB2-8D8F-D4B411A737E4}.Debug|x64.Build.0 = Debug|Any CPU
		{A61E795A-87BB-4FB2-8D8F-D4B411A737E4}.Debug|x86.ActiveCfg = Debug|Any CPU
		{A61E795A-87BB-4FB2-8D8F-D4B411A737E4}.Debug|x86.Build.0 = Debug|Any CPU
		{A61E795A-87BB-4FB2-8D8F-D4B411A737E4}.Release|Any CPU.ActiveCfg = Release|Any CPU
		{A61E795A-87BB-4FB2-8D8F-D4B411A737E4}.Release|Any CPU.Build.0 = Release|Any CPU
		{A61E795A-87BB-4FB2-8D8F-D4B411A737E4}.Release|x64.ActiveCfg = Release|Any CPU
		{A61E795A-87BB-4FB2-8D8F-D4B411A737E4}.Release|x64.Build.0 = Release|Any CPU
		{A61E795A-87BB-4FB2-8D8F-D4B411A737E4}.Release|x86.ActiveCfg = Release|Any CPU
		{A61E795A-87BB-4FB2-8D8F-D4B411A737E4}.Release|x86.Build.0 = Release|Any CPU
	EndGlobalSection
	GlobalSection(SolutionProperties) = preSolution
		HideSolutionNode = FALSE
	EndGlobalSection
	GlobalSection(ExtensibilityGlobals) = postSolution
		SolutionGuid = {197ED985-4F4A-452C-B0D0-1BF3288F08E7}
	EndGlobalSection
EndGlobal
